{
  "name": "orch-service",
  "version": "1.0.0",
  "lockfileVersion": 3,
  "requires": true,
  "packages": {
    "": {
      "name": "orch-service",
      "version": "1.0.0",
      "license": "ISC",
      "dependencies": {
        "@aws-sdk/client-s3": "^3.928.0",
        "@ffmpeg-installer/ffmpeg": "^1.1.0",
        "@types/fluent-ffmpeg": "^2.1.28",
        "dotenv": "^17.2.3",
        "fluent-ffmpeg": "^2.1.3",
        "redis": "^5.9.0"
      },
      "devDependencies": {
        "typescript": "^5.9.3"
      }
    },
    "../../node_modules/.pnpm/@aws-sdk+client-s3@3.928.0/node_modules/@aws-sdk/client-s3": {
      "version": "3.928.0",
      "license": "Apache-2.0",
      "dependencies": {
        "@aws-crypto/sha1-browser": "5.2.0",
        "@aws-crypto/sha256-browser": "5.2.0",
        "@aws-crypto/sha256-js": "5.2.0",
        "@aws-sdk/core": "3.928.0",
        "@aws-sdk/credential-provider-node": "3.928.0",
        "@aws-sdk/middleware-bucket-endpoint": "3.922.0",
        "@aws-sdk/middleware-expect-continue": "3.922.0",
        "@aws-sdk/middleware-flexible-checksums": "3.928.0",
        "@aws-sdk/middleware-host-header": "3.922.0",
        "@aws-sdk/middleware-location-constraint": "3.922.0",
        "@aws-sdk/middleware-logger": "3.922.0",
        "@aws-sdk/middleware-recursion-detection": "3.922.0",
        "@aws-sdk/middleware-sdk-s3": "3.928.0",
        "@aws-sdk/middleware-ssec": "3.922.0",
        "@aws-sdk/middleware-user-agent": "3.928.0",
        "@aws-sdk/region-config-resolver": "3.925.0",
        "@aws-sdk/signature-v4-multi-region": "3.928.0",
        "@aws-sdk/types": "3.922.0",
        "@aws-sdk/util-endpoints": "3.922.0",
        "@aws-sdk/util-user-agent-browser": "3.922.0",
        "@aws-sdk/util-user-agent-node": "3.928.0",
        "@aws-sdk/xml-builder": "3.921.0",
        "@smithy/config-resolver": "^4.4.2",
        "@smithy/core": "^3.17.2",
        "@smithy/eventstream-serde-browser": "^4.2.4",
        "@smithy/eventstream-serde-config-resolver": "^4.3.4",
        "@smithy/eventstream-serde-node": "^4.2.4",
        "@smithy/fetch-http-handler": "^5.3.5",
        "@smithy/hash-blob-browser": "^4.2.5",
        "@smithy/hash-node": "^4.2.4",
        "@smithy/hash-stream-node": "^4.2.4",
        "@smithy/invalid-dependency": "^4.2.4",
        "@smithy/md5-js": "^4.2.4",
        "@smithy/middleware-content-length": "^4.2.4",
        "@smithy/middleware-endpoint": "^4.3.6",
        "@smithy/middleware-retry": "^4.4.6",
        "@smithy/middleware-serde": "^4.2.4",
        "@smithy/middleware-stack": "^4.2.4",
        "@smithy/node-config-provider": "^4.3.4",
        "@smithy/node-http-handler": "^4.4.4",
        "@smithy/protocol-http": "^5.3.4",
        "@smithy/smithy-client": "^4.9.2",
        "@smithy/types": "^4.8.1",
        "@smithy/url-parser": "^4.2.4",
        "@smithy/util-base64": "^4.3.0",
        "@smithy/util-body-length-browser": "^4.2.0",
        "@smithy/util-body-length-node": "^4.2.1",
        "@smithy/util-defaults-mode-browser": "^4.3.5",
        "@smithy/util-defaults-mode-node": "^4.2.8",
        "@smithy/util-endpoints": "^3.2.4",
        "@smithy/util-middleware": "^4.2.4",
        "@smithy/util-retry": "^4.2.4",
        "@smithy/util-stream": "^4.5.5",
        "@smithy/util-utf8": "^4.2.0",
        "@smithy/util-waiter": "^4.2.4",
        "@smithy/uuid": "^1.1.0",
        "tslib": "^2.6.2"
      },
      "devDependencies": {
        "@aws-sdk/signature-v4-crt": "3.928.0",
        "@tsconfig/node18": "18.2.4",
        "@types/node": "^18.19.69",
        "concurrently": "7.0.0",
        "downlevel-dts": "0.10.1",
        "rimraf": "3.0.2",
        "typescript": "~5.8.3"
      },
      "engines": {
        "node": ">=18.0.0"
      }
    },
    "../../node_modules/.pnpm/@ffmpeg-installer+ffmpeg@1.1.0/node_modules/@ffmpeg-installer/ffmpeg": {
      "version": "1.1.0",
      "license": "LGPL-2.1",
      "devDependencies": {
        "jshint": "^2.9.3",
        "tsd": "^0.14.0",
        "typescript": "^4.2.3"
      },
      "optionalDependencies": {
        "@ffmpeg-installer/darwin-arm64": "4.1.5",
        "@ffmpeg-installer/darwin-x64": "4.1.0",
        "@ffmpeg-installer/linux-arm": "4.1.3",
        "@ffmpeg-installer/linux-arm64": "4.1.4",
        "@ffmpeg-installer/linux-ia32": "4.1.0",
        "@ffmpeg-installer/linux-x64": "4.1.0",
        "@ffmpeg-installer/win32-ia32": "4.1.0",
        "@ffmpeg-installer/win32-x64": "4.1.0"
      }
    },
    "../../node_modules/.pnpm/@types+fluent-ffmpeg@2.1.28/node_modules/@types/fluent-ffmpeg": {
      "version": "2.1.28",
      "license": "MIT",
      "dependencies": {
        "@types/node": "*"
      }
    },
    "../../node_modules/.pnpm/dotenv@17.2.3/node_modules/dotenv": {
      "version": "17.2.3",
      "license": "BSD-2-Clause",
      "devDependencies": {
        "@types/node": "^18.11.3",
        "decache": "^4.6.2",
        "sinon": "^14.0.1",
        "standard": "^17.0.0",
        "standard-version": "^9.5.0",
        "tap": "^19.2.0",
        "typescript": "^4.8.4"
      },
      "engines": {
        "node": ">=12"
      },
      "funding": {
        "url": "https://dotenvx.com"
      }
    },
    "../../node_modules/.pnpm/fluent-ffmpeg@2.1.3/node_modules/fluent-ffmpeg": {
      "version": "2.1.3",
      "license": "MIT",
      "dependencies": {
        "async": "^0.2.9",
        "which": "^1.1.1"
      },
      "devDependencies": {
        "jsdoc": "^4.0.0",
        "mocha": "^10.0.0",
        "nyc": "^15.1.0",
        "should": "^13.0.0"
      },
      "engines": {
        "node": ">=18"
      }
    },
    "../../node_modules/.pnpm/redis@5.9.0/node_modules/redis": {
      "version": "5.9.0",
      "license": "MIT",
      "dependencies": {
        "@redis/bloom": "5.9.0",
        "@redis/client": "5.9.0",
        "@redis/json": "5.9.0",
        "@redis/search": "5.9.0",
        "@redis/time-series": "5.9.0"
      },
      "engines": {
        "node": ">= 18"
      }
    },
    "node_modules/@aws-sdk/client-s3": {
      "resolved": "../../node_modules/.pnpm/@aws-sdk+client-s3@3.928.0/node_modules/@aws-sdk/client-s3",
      "link": true
    },
    "node_modules/@ffmpeg-installer/ffmpeg": {
      "resolved": "../../node_modules/.pnpm/@ffmpeg-installer+ffmpeg@1.1.0/node_modules/@ffmpeg-installer/ffmpeg",
      "link": true
    },
    "node_modules/@types/fluent-ffmpeg": {
      "resolved": "../../node_modules/.pnpm/@types+fluent-ffmpeg@2.1.28/node_modules/@types/fluent-ffmpeg",
      "link": true
    },
    "node_modules/dotenv": {
      "resolved": "../../node_modules/.pnpm/dotenv@17.2.3/node_modules/dotenv",
      "link": true
    },
    "node_modules/fluent-ffmpeg": {
      "resolved": "../../node_modules/.pnpm/fluent-ffmpeg@2.1.3/node_modules/fluent-ffmpeg",
      "link": true
    },
    "node_modules/redis": {
      "resolved": "../../node_modules/.pnpm/redis@5.9.0/node_modules/redis",
      "link": true
    },
    "node_modules/typescript": {
      "version": "5.9.3",
      "resolved": "https://registry.npmjs.org/typescript/-/typescript-5.9.3.tgz",
      "integrity": "sha512-jl1vZzPDinLr9eUt3J/t7V6FgNEw9QjvBPdysz9KfQDD41fQrC2Y4vKQdiaUpFT4bXlb1RHhLpp8wtm6M5TgSw==",
      "dev": true,
      "license": "Apache-2.0",
      "bin": {
        "tsc": "bin/tsc",
        "tsserver": "bin/tsserver"
      },
      "engines": {
        "node": ">=14.17"
      }
    }
  }
}
